PODS:
  - AdobeMobileSDK (4.11.0):
    - AdobeMobileSDK/iOS (= 4.11.0)
  - AdobeMobileSDK/iOS (4.11.0)

DEPENDENCIES:
  - AdobeMobileSDK (= 4.11.0)

SPEC CHECKSUMS:
  AdobeMobileSDK: 89eb12b23d68359733af8181087a89b443083329

PODFILE CHECKSUM: 4a499cf6f78d22fae20735663ebcee277128f9cf

COCOAPODS: 1.2.0
